
Microsoft Visual Studio Solution File, Format Version 12.00
# Visual Studio Version 17
VisualStudioVersion = 17.9.34701.34
MinimumVisualStudioVersion = 10.0.40219.1
Project("{FAE04EC0-301F-11D3-BF4B-00C04F79EFBC}") = "Twitter", "Twitter.csproj", "{F19E68F3-80E2-4E45-8C0B-EEC2D7267C5E}"
EndProject
Global
	GlobalSection(SolutionConfigurationPlatforms) = preSolution
		Debug|Any CPU = Debug|Any CPU
		Release|Any CPU = Release|Any CPU
	EndGlobalSection
	GlobalSection(ProjectConfigurationPlatforms) = postSolution
		{F19E68F3-80E2-4E45-8C0B-EEC2D7267C5E}.Debug|Any CPU.ActiveCfg = Debug|Any CPU
		{F19E68F3-80E2-4E45-8C0B-EEC2D7267C5E}.Debug|Any CPU.Build.0 = Debug|Any CPU
		{F19E68F3-80E2-4E45-8C0B-EEC2D7267C5E}.Release|Any CPU.ActiveCfg = Release|Any CPU
		{F19E68F3-80E2-4E45-8C0B-EEC2D7267C5E}.Release|Any CPU.Build.0 = Release|Any CPU
	EndGlobalSection
	GlobalSection(SolutionProperties) = preSolution
		HideSolutionNode = FALSE
	EndGlobalSection
	GlobalSection(ExtensibilityGlobals) = postSolution
		SolutionGuid = {90994478-059A-4FB1-AABA-2D79201BFAC4}
	EndGlobalSection
EndGlobal
